Microsoft Visual Studio Solution File, Format Version 12.00
# Visual Studio Version 17
VisualStudioVersion = 17.2.6
MinimumVisualStudioVersion = 17.0.32002.185
Project("{9A19103F-16F7-4668-BE54-9A1E7A4F7556}") = "DotnetCat", "DotNetCat\DotnetCat.csproj", "{88C24379-AE50-44CE-9B66-4DFB95FE51D5}"
EndProject
Project("{2150E333-8FDC-42A3-9474-1A3956D46DE8}") = "Solution Items", "Solution Items", "{19DAD4D2-BB3A-45ED-A024-938DAEA54EB8}"
	ProjectSection(SolutionItems) = preProject
		.editorconfig = .editorconfig
		..\.gitattributes = ..\.gitattributes
		..\.gitignore = ..\.gitignore
		..\LICENSE.md = ..\LICENSE.md
		..\README.md = ..\README.md
	EndProjectSection
EndProject
Global
	GlobalSection(SolutionConfigurationPlatforms) = preSolution
		ARM64|x64 = ARM64|x64
		ARM64|x86 = ARM64|x86
		Debug|x64 = Debug|x64
		Debug|x86 = Debug|x86
		Linux|x64 = Linux|x64
		Linux|x86 = Linux|x86
		Release|x64 = Release|x64
		Release|x86 = Release|x86
	EndGlobalSection
	GlobalSection(ProjectConfigurationPlatforms) = postSolution
		{88C24379-AE50-44CE-9B66-4DFB95FE51D5}.ARM64|x64.ActiveCfg = ARM64|x64
		{88C24379-AE50-44CE-9B66-4DFB95FE51D5}.ARM64|x64.Build.0 = ARM64|x64
		{88C24379-AE50-44CE-9B66-4DFB95FE51D5}.ARM64|x86.ActiveCfg = ARM64|x86
		{88C24379-AE50-44CE-9B66-4DFB95FE51D5}.ARM64|x86.Build.0 = ARM64|x86
		{88C24379-AE50-44CE-9B66-4DFB95FE51D5}.Debug|x64.ActiveCfg = Debug|x64
		{88C24379-AE50-44CE-9B66-4DFB95FE51D5}.Debug|x64.Build.0 = Debug|x64
		{88C24379-AE50-44CE-9B66-4DFB95FE51D5}.Debug|x86.ActiveCfg = Debug|x86
		{88C24379-AE50-44CE-9B66-4DFB95FE51D5}.Debug|x86.Build.0 = Debug|x86
		{88C24379-AE50-44CE-9B66-4DFB95FE51D5}.Linux|x64.ActiveCfg = Linux|x64
		{88C24379-AE50-44CE-9B66-4DFB95FE51D5}.Linux|x64.Build.0 = Linux|x64
		{88C24379-AE50-44CE-9B66-4DFB95FE51D5}.Linux|x86.ActiveCfg = Linux|x86
		{88C24379-AE50-44CE-9B66-4DFB95FE51D5}.Linux|x86.Build.0 = Linux|x86
		{88C24379-AE50-44CE-9B66-4DFB95FE51D5}.Release|x64.ActiveCfg = Release|x64
		{88C24379-AE50-44CE-9B66-4DFB95FE51D5}.Release|x64.Build.0 = Release|x64
		{88C24379-AE50-44CE-9B66-4DFB95FE51D5}.Release|x86.ActiveCfg = Release|x86
		{88C24379-AE50-44CE-9B66-4DFB95FE51D5}.Release|x86.Build.0 = Release|x86
	EndGlobalSection
	GlobalSection(SolutionProperties) = preSolution
		HideSolutionNode = FALSE
	EndGlobalSection
	GlobalSection(ExtensibilityGlobals) = postSolution
		SolutionGuid = {090BA55F-C5A4-49A1-8655-ED89ACC022F5}
	EndGlobalSection
EndGlobal
